
Microsoft Visual Studio Solution File, Format Version 12.00
# Visual Studio Version 16
VisualStudioVersion = 16.0.31410.357
MinimumVisualStudioVersion = 10.0.40219.1
Project("{9A19103F-16F7-4668-BE54-9A1E7A4F7556}") = "REALtor1.2", "REALtor1.2\REALtor1.2.csproj", "{11965B58-5FCC-4D74-808B-ACA4EF2666BE}"
EndProject
Global
	GlobalSection(SolutionConfigurationPlatforms) = preSolution
		Debug|Any CPU = Debug|Any CPU
		Release|Any CPU = Release|Any CPU
	EndGlobalSection
	GlobalSection(ProjectConfigurationPlatforms) = postSolution
		{11965B58-5FCC-4D74-808B-ACA4EF2666BE}.Debug|Any CPU.ActiveCfg = Debug|Any CPU
		{11965B58-5FCC-4D74-808B-ACA4EF2666BE}.Debug|Any CPU.Build.0 = Debug|Any CPU
		{11965B58-5FCC-4D74-808B-ACA4EF2666BE}.Release|Any CPU.ActiveCfg = Release|Any CPU
		{11965B58-5FCC-4D74-808B-ACA4EF2666BE}.Release|Any CPU.Build.0 = Release|Any CPU
	EndGlobalSection
	GlobalSection(SolutionProperties) = preSolution
		HideSolutionNode = FALSE
	EndGlobalSection
	GlobalSection(ExtensibilityGlobals) = postSolution
		SolutionGuid = {2E18B259-BE6F-432C-96C8-BE1DC68473AE}
	EndGlobalSection
EndGlobal
